
Microsoft Visual Studio Solution File, Format Version 12.00
# Visual Studio Version 17
VisualStudioVersion = 17.1.32228.430
MinimumVisualStudioVersion = 10.0.40219.1
Project("{8BC9CEB8-8B4A-11D0-8D11-00A0C91BC942}") = "GitTest", "GitTest\GitTest.vcxproj", "{578AA0A5-C554-4014-883E-8177752C2B6E}"
EndProject
Global
	GlobalSection(SolutionConfigurationPlatforms) = preSolution
		Debug|x64 = Debug|x64
		Debug|x86 = Debug|x86
		Release|x64 = Release|x64
		Release|x86 = Release|x86
	EndGlobalSection
	GlobalSection(ProjectConfigurationPlatforms) = postSolution
		{578AA0A5-C554-4014-883E-8177752C2B6E}.Debug|x64.ActiveCfg = Debug|x64
		{578AA0A5-C554-4014-883E-8177752C2B6E}.Debug|x64.Build.0 = Debug|x64
		{578AA0A5-C554-4014-883E-8177752C2B6E}.Debug|x86.ActiveCfg = Debug|Win32
		{578AA0A5-C554-4014-883E-8177752C2B6E}.Debug|x86.Build.0 = Debug|Win32
		{578AA0A5-C554-4014-883E-8177752C2B6E}.Release|x64.ActiveCfg = Release|x64
		{578AA0A5-C554-4014-883E-8177752C2B6E}.Release|x64.Build.0 = Release|x64
		{578AA0A5-C554-4014-883E-8177752C2B6E}.Release|x86.ActiveCfg = Release|Win32
		{578AA0A5-C554-4014-883E-8177752C2B6E}.Release|x86.Build.0 = Release|Win32
	EndGlobalSection
	GlobalSection(SolutionProperties) = preSolution
		HideSolutionNode = FALSE
	EndGlobalSection
	GlobalSection(ExtensibilityGlobals) = postSolution
		SolutionGuid = {186148A4-B2D4-46FA-946B-C7AF575C248A}
	EndGlobalSection
EndGlobal
